
Microsoft Visual Studio Solution File, Format Version 12.00
# Visual Studio Version 16
VisualStudioVersion = 16.0.29001.49
MinimumVisualStudioVersion = 10.0.40219.1
Project("{9A19103F-16F7-4668-BE54-9A1E7A4F7556}") = "Test.Core.Domain", "src\Test.Core.Domain\Test.Core.Domain.csproj", "{554AD327-6DBA-4F8F-96F8-81CE7A0C863F}"
EndProject
Project("{9A19103F-16F7-4668-BE54-9A1E7A4F7556}") = "Volo.Abp.Account.Pro.Application.Tests", "modules\Volo.Account.Pro\test\Volo.Abp.Account.Pro.Application.Tests\Volo.Abp.Account.Pro.Application.Tests.csproj", "{3beb9bc3-0385-491b-b2b4-909ba82e5792}"
EndProject
Project("{9A19103F-16F7-4668-BE54-9A1E7A4F7556}") = "Volo.Abp.Account.Pro.Shared.Application.Contracts", "modules\Volo.Account.Pro\src\Volo.Abp.Account.Pro.Shared.Application.Contracts\Volo.Abp.Account.Pro.Shared.Application.Contracts.csproj", "{5a4a3193-4b71-4a3d-af1f-ae1aab5ac48c}"
EndProject
Project("{9A19103F-16F7-4668-BE54-9A1E7A4F7556}") = "Volo.Abp.Account.Pro.Shared.Application", "modules\Volo.Account.Pro\src\Volo.Abp.Account.Pro.Shared.Application\Volo.Abp.Account.Pro.Shared.Application.csproj", "{cbfffef9-b224-4080-a7c8-12e761fe797c}"
EndProject
Project("{9A19103F-16F7-4668-BE54-9A1E7A4F7556}") = "Volo.Abp.Account.Pro.Public.Web.Impersonation", "modules\Volo.Account.Pro\src\Volo.Abp.Account.Pro.Public.Web.Impersonation\Volo.Abp.Account.Pro.Public.Web.Impersonation.csproj", "{841f1755-8b94-420b-a0cc-789d56a4c050}"
EndProject
Project("{9A19103F-16F7-4668-BE54-9A1E7A4F7556}") = "Volo.Abp.Account.Pro.Public.Web.IdentityServer", "modules\Volo.Account.Pro\src\Volo.Abp.Account.Pro.Public.Web.IdentityServer\Volo.Abp.Account.Pro.Public.Web.IdentityServer.csproj", "{08367cb4-965d-40e4-a48c-4ab878958461}"
EndProject
Project("{9A19103F-16F7-4668-BE54-9A1E7A4F7556}") = "Volo.Abp.Account.Pro.Public.Web", "modules\Volo.Account.Pro\src\Volo.Abp.Account.Pro.Public.Web\Volo.Abp.Account.Pro.Public.Web.csproj", "{cfb9ad9a-8023-4a2d-aa31-18bab62597fe}"
EndProject
Project("{9A19103F-16F7-4668-BE54-9A1E7A4F7556}") = "Volo.Abp.Account.Pro.Public.HttpApi.Client", "modules\Volo.Account.Pro\src\Volo.Abp.Account.Pro.Public.HttpApi.Client\Volo.Abp.Account.Pro.Public.HttpApi.Client.csproj", "{25bfd0db-579b-4938-826c-5ed1df188724}"
EndProject
Project("{9A19103F-16F7-4668-BE54-9A1E7A4F7556}") = "Volo.Abp.Account.Pro.Public.HttpApi", "modules\Volo.Account.Pro\src\Volo.Abp.Account.Pro.Public.HttpApi\Volo.Abp.Account.Pro.Public.HttpApi.csproj", "{328aad3d-fa19-4127-9af8-c2317449f119}"
EndProject
Project("{9A19103F-16F7-4668-BE54-9A1E7A4F7556}") = "Volo.Abp.Account.Pro.Public.Blazor.Server", "modules\Volo.Account.Pro\src\Volo.Abp.Account.Pro.Public.Blazor.Server\Volo.Abp.Account.Pro.Public.Blazor.Server.csproj", "{da6d74ea-a829-4cfd-88a6-f7def19dab11}"
EndProject
Project("{9A19103F-16F7-4668-BE54-9A1E7A4F7556}") = "Volo.Abp.Account.Pro.Public.Blazor", "modules\Volo.Account.Pro\src\Volo.Abp.Account.Pro.Public.Blazor\Volo.Abp.Account.Pro.Public.Blazor.csproj", "{a8bcec1f-b9aa-4a94-9c23-e612c3d37e46}"
EndProject
Project("{9A19103F-16F7-4668-BE54-9A1E7A4F7556}") = "Volo.Abp.Account.Pro.Public.Application.Contracts", "modules\Volo.Account.Pro\src\Volo.Abp.Account.Pro.Public.Application.Contracts\Volo.Abp.Account.Pro.Public.Application.Contracts.csproj", "{b3102a42-061e-4da7-90ae-c9bd9d6afb42}"
EndProject
Project("{9A19103F-16F7-4668-BE54-9A1E7A4F7556}") = "Volo.Abp.Account.Pro.Public.Application", "modules\Volo.Account.Pro\src\Volo.Abp.Account.Pro.Public.Application\Volo.Abp.Account.Pro.Public.Application.csproj", "{88395931-ea4d-4452-a537-0951418f1092}"
EndProject
Project("{9A19103F-16F7-4668-BE54-9A1E7A4F7556}") = "Volo.Abp.Account.Pro.Installer", "modules\Volo.Account.Pro\src\Volo.Abp.Account.Pro.Installer\Volo.Abp.Account.Pro.Installer.csproj", "{eee982a3-942b-46f9-a2e1-3de2061729f2}"
EndProject
Project("{9A19103F-16F7-4668-BE54-9A1E7A4F7556}") = "Volo.Abp.Account.Pro.Admin.Web", "modules\Volo.Account.Pro\src\Volo.Abp.Account.Pro.Admin.Web\Volo.Abp.Account.Pro.Admin.Web.csproj", "{ea9a6b99-0938-4a3e-9eb6-dd32a2190683}"
EndProject
Project("{9A19103F-16F7-4668-BE54-9A1E7A4F7556}") = "Volo.Abp.Account.Pro.Admin.HttpApi.Client", "modules\Volo.Account.Pro\src\Volo.Abp.Account.Pro.Admin.HttpApi.Client\Volo.Abp.Account.Pro.Admin.HttpApi.Client.csproj", "{66573b3f-d29c-4dd4-8d1f-4de3003c8b05}"
EndProject
Project("{9A19103F-16F7-4668-BE54-9A1E7A4F7556}") = "Volo.Abp.Account.Pro.Admin.HttpApi", "modules\Volo.Account.Pro\src\Volo.Abp.Account.Pro.Admin.HttpApi\Volo.Abp.Account.Pro.Admin.HttpApi.csproj", "{19c2d904-cf0a-4e9e-aff0-837213ea2c53}"
EndProject
Project("{9A19103F-16F7-4668-BE54-9A1E7A4F7556}") = "Volo.Abp.Account.Pro.Admin.Blazor.WebAssembly", "modules\Volo.Account.Pro\src\Volo.Abp.Account.Pro.Admin.Blazor.WebAssembly\Volo.Abp.Account.Pro.Admin.Blazor.WebAssembly.csproj", "{f2204577-f7bf-40dd-9304-e4074a41a612}"
EndProject
Project("{9A19103F-16F7-4668-BE54-9A1E7A4F7556}") = "Volo.Abp.Account.Pro.Admin.Blazor.Server", "modules\Volo.Account.Pro\src\Volo.Abp.Account.Pro.Admin.Blazor.Server\Volo.Abp.Account.Pro.Admin.Blazor.Server.csproj", "{f8f710a1-da2e-4828-9451-7ec2fe755ad2}"
EndProject
Project("{9A19103F-16F7-4668-BE54-9A1E7A4F7556}") = "Volo.Abp.Account.Pro.Admin.Blazor", "modules\Volo.Account.Pro\src\Volo.Abp.Account.Pro.Admin.Blazor\Volo.Abp.Account.Pro.Admin.Blazor.csproj", "{f1190112-3bd8-491f-8ff2-e843d16917e2}"
EndProject
Project("{9A19103F-16F7-4668-BE54-9A1E7A4F7556}") = "Volo.Abp.Account.Pro.Admin.Application.Contracts", "modules\Volo.Account.Pro\src\Volo.Abp.Account.Pro.Admin.Application.Contracts\Volo.Abp.Account.Pro.Admin.Application.Contracts.csproj", "{3dd390e4-8c43-4716-858a-5d890163f9d1}"
EndProject
Project("{9A19103F-16F7-4668-BE54-9A1E7A4F7556}") = "Volo.Abp.Account.Pro.Admin.Application", "modules\Volo.Account.Pro\src\Volo.Abp.Account.Pro.Admin.Application\Volo.Abp.Account.Pro.Admin.Application.csproj", "{ed44b18b-637a-417f-9e20-1e9ef954fc99}"
EndProject
Project("{2150E333-8FDC-42A3-9474-1A3956D46DE8}") = "Volo.Account.Pro.Tests", "Volo.Account.Pro.Tests", "{2f4fab22-7074-46f0-8521-9242f9d6655e}"
EndProject
Project("{2150E333-8FDC-42A3-9474-1A3956D46DE8}") = "Volo.Account.Pro", "Volo.Account.Pro", "{db962826-7e46-40cf-a284-5fc82a440164}"
EndProject
Project("{9A19103F-16F7-4668-BE54-9A1E7A4F7556}") = "Volo.Abp.Identity.Pro.TestBase", "modules\Volo.Identity.Pro\test\Volo.Abp.Identity.Pro.TestBase\Volo.Abp.Identity.Pro.TestBase.csproj", "{3d996184-8db3-45f4-8c07-28ad7288c7e6}"
EndProject
Project("{9A19103F-16F7-4668-BE54-9A1E7A4F7556}") = "Volo.Abp.Identity.Pro.EntityFrameworkCore.Tests", "modules\Volo.Identity.Pro\test\Volo.Abp.Identity.Pro.EntityFrameworkCore.Tests\Volo.Abp.Identity.Pro.EntityFrameworkCore.Tests.csproj", "{a044344d-4c14-4ea8-a495-f7f45448fac4}"
EndProject
Project("{9A19103F-16F7-4668-BE54-9A1E7A4F7556}") = "Volo.Abp.Identity.Pro.Domain.Tests", "modules\Volo.Identity.Pro\test\Volo.Abp.Identity.Pro.Domain.Tests\Volo.Abp.Identity.Pro.Domain.Tests.csproj", "{d213a3d1-8a7a-40bb-9bba-ec8d306c69f3}"
EndProject
Project("{9A19103F-16F7-4668-BE54-9A1E7A4F7556}") = "Volo.Abp.Identity.Pro.Application.Tests", "modules\Volo.Identity.Pro\test\Volo.Abp.Identity.Pro.Application.Tests\Volo.Abp.Identity.Pro.Application.Tests.csproj", "{c0944b64-e929-4aec-af16-fa2eb62bfd5c}"
EndProject
Project("{9A19103F-16F7-4668-BE54-9A1E7A4F7556}") = "Volo.Abp.Identity.Pro.Web", "modules\Volo.Identity.Pro\src\Volo.Abp.Identity.Pro.Web\Volo.Abp.Identity.Pro.Web.csproj", "{3e4b5f07-c585-40a7-a7f7-00e2b471adc2}"
EndProject
Project("{9A19103F-16F7-4668-BE54-9A1E7A4F7556}") = "Volo.Abp.Identity.Pro.Installer", "modules\Volo.Identity.Pro\src\Volo.Abp.Identity.Pro.Installer\Volo.Abp.Identity.Pro.Installer.csproj", "{00e0cfb9-3f40-425d-8801-81fc4d5f4ccf}"
EndProject
Project("{9A19103F-16F7-4668-BE54-9A1E7A4F7556}") = "Volo.Abp.Identity.Pro.HttpApi.Client", "modules\Volo.Identity.Pro\src\Volo.Abp.Identity.Pro.HttpApi.Client\Volo.Abp.Identity.Pro.HttpApi.Client.csproj", "{82ec29a9-2418-4a08-a05e-3873750ff631}"
EndProject
Project("{9A19103F-16F7-4668-BE54-9A1E7A4F7556}") = "Volo.Abp.Identity.Pro.HttpApi", "modules\Volo.Identity.Pro\src\Volo.Abp.Identity.Pro.HttpApi\Volo.Abp.Identity.Pro.HttpApi.csproj", "{20a26e2b-9d10-4f4a-a96f-b18630f7e26d}"
EndProject
Project("{9A19103F-16F7-4668-BE54-9A1E7A4F7556}") = "Volo.Abp.Identity.Pro.EntityFrameworkCore", "modules\Volo.Identity.Pro\src\Volo.Abp.Identity.Pro.EntityFrameworkCore\Volo.Abp.Identity.Pro.EntityFrameworkCore.csproj", "{c3ee835d-f4b8-4b51-90c1-92b44c92c4fe}"
EndProject
Project("{9A19103F-16F7-4668-BE54-9A1E7A4F7556}") = "Volo.Abp.Identity.Pro.Domain.Shared", "modules\Volo.Identity.Pro\src\Volo.Abp.Identity.Pro.Domain.Shared\Volo.Abp.Identity.Pro.Domain.Shared.csproj", "{11bf97b5-9af1-4945-84a8-342d324d6c3e}"
EndProject
Project("{9A19103F-16F7-4668-BE54-9A1E7A4F7556}") = "Volo.Abp.Identity.Pro.Domain", "modules\Volo.Identity.Pro\src\Volo.Abp.Identity.Pro.Domain\Volo.Abp.Identity.Pro.Domain.csproj", "{174bf9e6-4050-47bf-a925-3551c1e6ae9f}"
EndProject
Project("{9A19103F-16F7-4668-BE54-9A1E7A4F7556}") = "Volo.Abp.Identity.Pro.Application.Contracts", "modules\Volo.Identity.Pro\src\Volo.Abp.Identity.Pro.Application.Contracts\Volo.Abp.Identity.Pro.Application.Contracts.csproj", "{4292b6fa-f97f-41ad-bf66-b05fa37a6ae1}"
EndProject
Project("{9A19103F-16F7-4668-BE54-9A1E7A4F7556}") = "Volo.Abp.Identity.Pro.Application", "modules\Volo.Identity.Pro\src\Volo.Abp.Identity.Pro.Application\Volo.Abp.Identity.Pro.Application.csproj", "{ff975a9e-84ac-4def-a565-e32247a73c54}"
EndProject
Project("{2150E333-8FDC-42A3-9474-1A3956D46DE8}") = "Volo.Identity.Pro.Tests", "Volo.Identity.Pro.Tests", "{0390643f-2401-4e6a-9920-2eca7dd8d41b}"
EndProject
Project("{2150E333-8FDC-42A3-9474-1A3956D46DE8}") = "Volo.Identity.Pro", "Volo.Identity.Pro", "{5481dbef-ddd2-4861-a8b5-ac180b0ee020}"
EndProject
Project("{9A19103F-16F7-4668-BE54-9A1E7A4F7556}") = "Inquiry.TestBase", "modules\Inquiry\test\Inquiry.TestBase\Inquiry.TestBase.csproj", "{f61a2c81-fff7-47a4-b0f3-9b7b314de193}"
EndProject
Project("{9A19103F-16F7-4668-BE54-9A1E7A4F7556}") = "Inquiry.HttpApi.Client.ConsoleTestApp", "modules\Inquiry\test\Inquiry.HttpApi.Client.ConsoleTestApp\Inquiry.HttpApi.Client.ConsoleTestApp.csproj", "{2f0d1691-af80-48b1-a2d4-500d967257b1}"
EndProject
Project("{9A19103F-16F7-4668-BE54-9A1E7A4F7556}") = "Inquiry.EntityFrameworkCore.Tests", "modules\Inquiry\test\Inquiry.EntityFrameworkCore.Tests\Inquiry.EntityFrameworkCore.Tests.csproj", "{1d8fc8c5-a78c-40bd-9460-eaa08dd71599}"
EndProject
Project("{9A19103F-16F7-4668-BE54-9A1E7A4F7556}") = "Inquiry.Domain.Tests", "modules\Inquiry\test\Inquiry.Domain.Tests\Inquiry.Domain.Tests.csproj", "{e53b9bb5-3fa9-406a-8637-b13cceed25a3}"
EndProject
Project("{9A19103F-16F7-4668-BE54-9A1E7A4F7556}") = "Inquiry.Application.Tests", "modules\Inquiry\test\Inquiry.Application.Tests\Inquiry.Application.Tests.csproj", "{4248500f-f6be-44ec-b4cc-0ec9abc9f35e}"
EndProject
Project("{9A19103F-16F7-4668-BE54-9A1E7A4F7556}") = "Inquiry.Web", "modules\Inquiry\src\Inquiry.Web\Inquiry.Web.csproj", "{460a0fff-10cc-46c8-9ef2-a5c3ba3585f0}"
EndProject
Project("{9A19103F-16F7-4668-BE54-9A1E7A4F7556}") = "Inquiry.HttpApi.Client", "modules\Inquiry\src\Inquiry.HttpApi.Client\Inquiry.HttpApi.Client.csproj", "{789af0d3-7746-45f5-a771-3949b3e2b374}"
EndProject
Project("{9A19103F-16F7-4668-BE54-9A1E7A4F7556}") = "Inquiry.HttpApi", "modules\Inquiry\src\Inquiry.HttpApi\Inquiry.HttpApi.csproj", "{8d013747-1db3-4eb2-ba9d-27e71c332fe3}"
EndProject
Project("{9A19103F-16F7-4668-BE54-9A1E7A4F7556}") = "Inquiry.EntityFrameworkCore", "modules\Inquiry\src\Inquiry.EntityFrameworkCore\Inquiry.EntityFrameworkCore.csproj", "{91f564b6-b0a1-4074-9fad-cbb1ed80b6e1}"
EndProject
Project("{9A19103F-16F7-4668-BE54-9A1E7A4F7556}") = "Inquiry.Domain.Shared", "modules\Inquiry\src\Inquiry.Domain.Shared\Inquiry.Domain.Shared.csproj", "{14794ca6-ced2-4d56-a66a-87eb94cec258}"
EndProject
Project("{9A19103F-16F7-4668-BE54-9A1E7A4F7556}") = "Inquiry.Domain", "modules\Inquiry\src\Inquiry.Domain\Inquiry.Domain.csproj", "{661eff09-0f18-4bb8-918a-be8d2e2835c7}"
EndProject
Project("{9A19103F-16F7-4668-BE54-9A1E7A4F7556}") = "Inquiry.Application.Contracts", "modules\Inquiry\src\Inquiry.Application.Contracts\Inquiry.Application.Contracts.csproj", "{5090fe6e-4421-4895-9fae-2e9452e21e64}"
EndProject
Project("{9A19103F-16F7-4668-BE54-9A1E7A4F7556}") = "Inquiry.Application", "modules\Inquiry\src\Inquiry.Application\Inquiry.Application.csproj", "{baed68d3-ed18-409c-af76-18e01253b4f5}"
EndProject
Project("{2150E333-8FDC-42A3-9474-1A3956D46DE8}") = "Inquiry.Tests", "Inquiry.Tests", "{012b0537-eea3-42ad-b8a9-c74f7bdac4ba}"
EndProject
Project("{2150E333-8FDC-42A3-9474-1A3956D46DE8}") = "Inquiry", "Inquiry", "{6a9b6c05-9f07-4509-89db-a6e27ad7e2ce}"
EndProject
Project("{9A19103F-16F7-4668-BE54-9A1E7A4F7556}") = "TestMDM.TestBase", "modules\TestMDM\test\TestMDM.TestBase\TestMDM.TestBase.csproj", "{364d7c4e-5c4c-4fc6-b124-33ae08b4d9c1}"
EndProject
Project("{9A19103F-16F7-4668-BE54-9A1E7A4F7556}") = "TestMDM.HttpApi.Client.ConsoleTestApp", "modules\TestMDM\test\TestMDM.HttpApi.Client.ConsoleTestApp\TestMDM.HttpApi.Client.ConsoleTestApp.csproj", "{56d72665-9215-4d4e-b0ab-0974f400dca8}"
EndProject
Project("{9A19103F-16F7-4668-BE54-9A1E7A4F7556}") = "TestMDM.EntityFrameworkCore.Tests", "modules\TestMDM\test\TestMDM.EntityFrameworkCore.Tests\TestMDM.EntityFrameworkCore.Tests.csproj", "{5213e2f7-d5d5-4346-aecd-904d7517e161}"
EndProject
Project("{9A19103F-16F7-4668-BE54-9A1E7A4F7556}") = "TestMDM.Domain.Tests", "modules\TestMDM\test\TestMDM.Domain.Tests\TestMDM.Domain.Tests.csproj", "{e8893a97-a868-4cfa-b3db-c781117fdbfc}"
EndProject
Project("{9A19103F-16F7-4668-BE54-9A1E7A4F7556}") = "TestMDM.Application.Tests", "modules\TestMDM\test\TestMDM.Application.Tests\TestMDM.Application.Tests.csproj", "{c65cd4fb-dd09-413b-96e7-99445da1f5a6}"
EndProject
Project("{9A19103F-16F7-4668-BE54-9A1E7A4F7556}") = "TestMDM.Web", "modules\TestMDM\src\TestMDM.Web\TestMDM.Web.csproj", "{c1eab116-c2fd-41c5-9a4a-add59688a450}"
EndProject
Project("{9A19103F-16F7-4668-BE54-9A1E7A4F7556}") = "TestMDM.HttpApi.Client", "modules\TestMDM\src\TestMDM.HttpApi.Client\TestMDM.HttpApi.Client.csproj", "{80d491c9-469a-45ee-b0bb-dacee07c6483}"
EndProject
Project("{9A19103F-16F7-4668-BE54-9A1E7A4F7556}") = "TestMDM.HttpApi", "modules\TestMDM\src\TestMDM.HttpApi\TestMDM.HttpApi.csproj", "{5a182ce9-b1c6-40ef-83b1-0473fb34e01d}"
EndProject
Project("{9A19103F-16F7-4668-BE54-9A1E7A4F7556}") = "TestMDM.EntityFrameworkCore", "modules\TestMDM\src\TestMDM.EntityFrameworkCore\TestMDM.EntityFrameworkCore.csproj", "{eacb165b-ed8b-49b6-a513-2179ebb683f2}"
EndProject
Project("{9A19103F-16F7-4668-BE54-9A1E7A4F7556}") = "TestMDM.Domain.Shared", "modules\TestMDM\src\TestMDM.Domain.Shared\TestMDM.Domain.Shared.csproj", "{a74e4bd8-88b4-47d8-89e7-ed371f695508}"
EndProject
Project("{9A19103F-16F7-4668-BE54-9A1E7A4F7556}") = "TestMDM.Domain", "modules\TestMDM\src\TestMDM.Domain\TestMDM.Domain.csproj", "{f07aa857-878f-4591-ab0e-888dbeb1a129}"
EndProject
Project("{9A19103F-16F7-4668-BE54-9A1E7A4F7556}") = "TestMDM.Application.Contracts", "modules\TestMDM\src\TestMDM.Application.Contracts\TestMDM.Application.Contracts.csproj", "{73148bea-3c30-45f7-8db5-00206717bc7b}"
EndProject
Project("{9A19103F-16F7-4668-BE54-9A1E7A4F7556}") = "TestMDM.Application", "modules\TestMDM\src\TestMDM.Application\TestMDM.Application.csproj", "{c22ce061-4f8f-467d-9228-47d81a852dc4}"
EndProject
Project("{2150E333-8FDC-42A3-9474-1A3956D46DE8}") = "TestMDM.Tests", "TestMDM.Tests", "{da8c7b8e-c280-443c-b44d-f5b6e6252bbf}"
EndProject
Project("{2150E333-8FDC-42A3-9474-1A3956D46DE8}") = "TestMDM", "TestMDM", "{95d05e15-458c-4f91-b45b-a3804083d070}"
EndProject
Project("{2150E333-8FDC-42A3-9474-1A3956D46DE8}") = "modules", "modules", "{6f27e0cc-9961-479b-aad6-fc9a364d492f}"
EndProject
Project("{9A19103F-16F7-4668-BE54-9A1E7A4F7556}") = "Test.Core.Application", "src\Test.Core.Application\Test.Core.Application.csproj", "{1A94A50E-06DC-43C1-80B5-B662820EC3EB}"
EndProject
Project("{9A19103F-16F7-4668-BE54-9A1E7A4F7556}") = "Test.Core.EntityFrameworkCore", "src\Test.Core.EntityFrameworkCore\Test.Core.EntityFrameworkCore.csproj", "{C956DD76-69C8-4A9C-83EA-D17DF83340FD}"
EndProject
Project("{2150E333-8FDC-42A3-9474-1A3956D46DE8}") = "src", "src", "{CA9AC87F-097E-4F15-8393-4BC07735A5B0}"
EndProject
Project("{2150E333-8FDC-42A3-9474-1A3956D46DE8}") = "test", "test", "{04DBDB01-70F4-4E06-B468-8F87850B22BE}"
EndProject
Project("{9A19103F-16F7-4668-BE54-9A1E7A4F7556}") = "Test.Core.Application.Tests", "test\Test.Core.Application.Tests\Test.Core.Application.Tests.csproj", "{50B2631D-129C-47B3-A587-029CCD6099BC}"
EndProject
Project("{9A19103F-16F7-4668-BE54-9A1E7A4F7556}") = "Test.Core.Domain.Shared", "src\Test.Core.Domain.Shared\Test.Core.Domain.Shared.csproj", "{42F719ED-8413-4895-B5B4-5AB56079BC66}"
EndProject
Project("{9A19103F-16F7-4668-BE54-9A1E7A4F7556}") = "Test.Core.Application.Contracts", "src\Test.Core.Application.Contracts\Test.Core.Application.Contracts.csproj", "{520659C8-C734-4298-A3DA-B539DB9DFC0B}"
EndProject
Project("{9A19103F-16F7-4668-BE54-9A1E7A4F7556}") = "Test.Core.HttpApi", "src\Test.Core.HttpApi\Test.Core.HttpApi.csproj", "{4164BDF7-F527-4E85-9CE6-E3C2D7426A27}"
EndProject
Project("{9A19103F-16F7-4668-BE54-9A1E7A4F7556}") = "Test.Core.HttpApi.Client", "src\Test.Core.HttpApi.Client\Test.Core.HttpApi.Client.csproj", "{3B5A0094-670D-4BB1-BFDD-61B88A8773DC}"
EndProject
Project("{9A19103F-16F7-4668-BE54-9A1E7A4F7556}") = "Test.Core.Web", "src\Test.Core.Web\Test.Core.Web.csproj", "{6FE54035-9C11-4702-A5E2-D16F23101468}"
EndProject
Project("{9A19103F-16F7-4668-BE54-9A1E7A4F7556}") = "Test.Core.IdentityServer", "src\Test.Core.IdentityServer\Test.Core.IdentityServer.csproj", "{073C361E-B8F4-49F5-93CC-72A3FF49C026}"
EndProject
Project("{9A19103F-16F7-4668-BE54-9A1E7A4F7556}") = "Test.Core.HttpApi.Host", "src\Test.Core.HttpApi.Host\Test.Core.HttpApi.Host.csproj", "{E6D5BF0E-DE92-4D82-A352-EF04B37CB11C}"
EndProject
Project("{9A19103F-16F7-4668-BE54-9A1E7A4F7556}") = "Test.Core.EntityFrameworkCore.Tests", "test\Test.Core.EntityFrameworkCore.Tests\Test.Core.EntityFrameworkCore.Tests.csproj", "{1FE30EB9-74A9-47F5-A9F6-7B1FAB672D81}"
EndProject
Project("{9A19103F-16F7-4668-BE54-9A1E7A4F7556}") = "Test.Core.TestBase", "test\Test.Core.TestBase\Test.Core.TestBase.csproj", "{91853F21-9CD9-4132-BC29-A7D5D84FFFE7}"
EndProject
Project("{9A19103F-16F7-4668-BE54-9A1E7A4F7556}") = "Test.Core.Domain.Tests", "test\Test.Core.Domain.Tests\Test.Core.Domain.Tests.csproj", "{E512F4D9-9375-480F-A2F6-A46509F9D824}"
EndProject
Project("{9A19103F-16F7-4668-BE54-9A1E7A4F7556}") = "Test.Core.HttpApi.Client.ConsoleTestApp", "test\Test.Core.HttpApi.Client.ConsoleTestApp\Test.Core.HttpApi.Client.ConsoleTestApp.csproj", "{EF480016-9127-4916-8735-D2466BDBC582}"
EndProject
Project("{9A19103F-16F7-4668-BE54-9A1E7A4F7556}") = "Test.Core.DbMigrator", "src\Test.Core.DbMigrator\Test.Core.DbMigrator.csproj", "{70680696-BB1E-4383-BCB2-42C3767171FB}"
EndProject
Global
	GlobalSection(SolutionConfigurationPlatforms) = preSolution
		Debug|Any CPU = Debug|Any CPU
		Release|Any CPU = Release|Any CPU
	EndGlobalSection
	GlobalSection(ProjectConfigurationPlatforms) = postSolution
		{3beb9bc3-0385-491b-b2b4-909ba82e5792}.Debug|Any CPU.ActiveCfg = Debug|Any CPU
		{3beb9bc3-0385-491b-b2b4-909ba82e5792}.Debug|Any CPU.Build.0 = Debug|Any CPU
		{3beb9bc3-0385-491b-b2b4-909ba82e5792}.Release|Any CPU.ActiveCfg = Release|Any CPU
		{3beb9bc3-0385-491b-b2b4-909ba82e5792}.Release|Any CPU.Build.0 = Release|Any CPU
		{5a4a3193-4b71-4a3d-af1f-ae1aab5ac48c}.Debug|Any CPU.ActiveCfg = Debug|Any CPU
		{5a4a3193-4b71-4a3d-af1f-ae1aab5ac48c}.Debug|Any CPU.Build.0 = Debug|Any CPU
		{5a4a3193-4b71-4a3d-af1f-ae1aab5ac48c}.Release|Any CPU.ActiveCfg = Release|Any CPU
		{5a4a3193-4b71-4a3d-af1f-ae1aab5ac48c}.Release|Any CPU.Build.0 = Release|Any CPU
		{cbfffef9-b224-4080-a7c8-12e761fe797c}.Debug|Any CPU.ActiveCfg = Debug|Any CPU
		{cbfffef9-b224-4080-a7c8-12e761fe797c}.Debug|Any CPU.Build.0 = Debug|Any CPU
		{cbfffef9-b224-4080-a7c8-12e761fe797c}.Release|Any CPU.ActiveCfg = Release|Any CPU
		{cbfffef9-b224-4080-a7c8-12e761fe797c}.Release|Any CPU.Build.0 = Release|Any CPU
		{841f1755-8b94-420b-a0cc-789d56a4c050}.Debug|Any CPU.ActiveCfg = Debug|Any CPU
		{841f1755-8b94-420b-a0cc-789d56a4c050}.Debug|Any CPU.Build.0 = Debug|Any CPU
		{841f1755-8b94-420b-a0cc-789d56a4c050}.Release|Any CPU.ActiveCfg = Release|Any CPU
		{841f1755-8b94-420b-a0cc-789d56a4c050}.Release|Any CPU.Build.0 = Release|Any CPU
		{08367cb4-965d-40e4-a48c-4ab878958461}.Debug|Any CPU.ActiveCfg = Debug|Any CPU
		{08367cb4-965d-40e4-a48c-4ab878958461}.Debug|Any CPU.Build.0 = Debug|Any CPU
		{08367cb4-965d-40e4-a48c-4ab878958461}.Release|Any CPU.ActiveCfg = Release|Any CPU
		{08367cb4-965d-40e4-a48c-4ab878958461}.Release|Any CPU.Build.0 = Release|Any CPU
		{cfb9ad9a-8023-4a2d-aa31-18bab62597fe}.Debug|Any CPU.ActiveCfg = Debug|Any CPU
		{cfb9ad9a-8023-4a2d-aa31-18bab62597fe}.Debug|Any CPU.Build.0 = Debug|Any CPU
		{cfb9ad9a-8023-4a2d-aa31-18bab62597fe}.Release|Any CPU.ActiveCfg = Release|Any CPU
		{cfb9ad9a-8023-4a2d-aa31-18bab62597fe}.Release|Any CPU.Build.0 = Release|Any CPU
		{25bfd0db-579b-4938-826c-5ed1df188724}.Debug|Any CPU.ActiveCfg = Debug|Any CPU
		{25bfd0db-579b-4938-826c-5ed1df188724}.Debug|Any CPU.Build.0 = Debug|Any CPU
		{25bfd0db-579b-4938-826c-5ed1df188724}.Release|Any CPU.ActiveCfg = Release|Any CPU
		{25bfd0db-579b-4938-826c-5ed1df188724}.Release|Any CPU.Build.0 = Release|Any CPU
		{328aad3d-fa19-4127-9af8-c2317449f119}.Debug|Any CPU.ActiveCfg = Debug|Any CPU
		{328aad3d-fa19-4127-9af8-c2317449f119}.Debug|Any CPU.Build.0 = Debug|Any CPU
		{328aad3d-fa19-4127-9af8-c2317449f119}.Release|Any CPU.ActiveCfg = Release|Any CPU
		{328aad3d-fa19-4127-9af8-c2317449f119}.Release|Any CPU.Build.0 = Release|Any CPU
		{da6d74ea-a829-4cfd-88a6-f7def19dab11}.Debug|Any CPU.ActiveCfg = Debug|Any CPU
		{da6d74ea-a829-4cfd-88a6-f7def19dab11}.Debug|Any CPU.Build.0 = Debug|Any CPU
		{da6d74ea-a829-4cfd-88a6-f7def19dab11}.Release|Any CPU.ActiveCfg = Release|Any CPU
		{da6d74ea-a829-4cfd-88a6-f7def19dab11}.Release|Any CPU.Build.0 = Release|Any CPU
		{a8bcec1f-b9aa-4a94-9c23-e612c3d37e46}.Debug|Any CPU.ActiveCfg = Debug|Any CPU
		{a8bcec1f-b9aa-4a94-9c23-e612c3d37e46}.Debug|Any CPU.Build.0 = Debug|Any CPU
		{a8bcec1f-b9aa-4a94-9c23-e612c3d37e46}.Release|Any CPU.ActiveCfg = Release|Any CPU
		{a8bcec1f-b9aa-4a94-9c23-e612c3d37e46}.Release|Any CPU.Build.0 = Release|Any CPU
		{b3102a42-061e-4da7-90ae-c9bd9d6afb42}.Debug|Any CPU.ActiveCfg = Debug|Any CPU
		{b3102a42-061e-4da7-90ae-c9bd9d6afb42}.Debug|Any CPU.Build.0 = Debug|Any CPU
		{b3102a42-061e-4da7-90ae-c9bd9d6afb42}.Release|Any CPU.ActiveCfg = Release|Any CPU
		{b3102a42-061e-4da7-90ae-c9bd9d6afb42}.Release|Any CPU.Build.0 = Release|Any CPU
		{88395931-ea4d-4452-a537-0951418f1092}.Debug|Any CPU.ActiveCfg = Debug|Any CPU
		{88395931-ea4d-4452-a537-0951418f1092}.Debug|Any CPU.Build.0 = Debug|Any CPU
		{88395931-ea4d-4452-a537-0951418f1092}.Release|Any CPU.ActiveCfg = Release|Any CPU
		{88395931-ea4d-4452-a537-0951418f1092}.Release|Any CPU.Build.0 = Release|Any CPU
		{eee982a3-942b-46f9-a2e1-3de2061729f2}.Debug|Any CPU.ActiveCfg = Debug|Any CPU
		{eee982a3-942b-46f9-a2e1-3de2061729f2}.Debug|Any CPU.Build.0 = Debug|Any CPU
		{eee982a3-942b-46f9-a2e1-3de2061729f2}.Release|Any CPU.ActiveCfg = Release|Any CPU
		{eee982a3-942b-46f9-a2e1-3de2061729f2}.Release|Any CPU.Build.0 = Release|Any CPU
		{ea9a6b99-0938-4a3e-9eb6-dd32a2190683}.Debug|Any CPU.ActiveCfg = Debug|Any CPU
		{ea9a6b99-0938-4a3e-9eb6-dd32a2190683}.Debug|Any CPU.Build.0 = Debug|Any CPU
		{ea9a6b99-0938-4a3e-9eb6-dd32a2190683}.Release|Any CPU.ActiveCfg = Release|Any CPU
		{ea9a6b99-0938-4a3e-9eb6-dd32a2190683}.Release|Any CPU.Build.0 = Release|Any CPU
		{66573b3f-d29c-4dd4-8d1f-4de3003c8b05}.Debug|Any CPU.ActiveCfg = Debug|Any CPU
		{66573b3f-d29c-4dd4-8d1f-4de3003c8b05}.Debug|Any CPU.Build.0 = Debug|Any CPU
		{66573b3f-d29c-4dd4-8d1f-4de3003c8b05}.Release|Any CPU.ActiveCfg = Release|Any CPU
		{66573b3f-d29c-4dd4-8d1f-4de3003c8b05}.Release|Any CPU.Build.0 = Release|Any CPU
		{19c2d904-cf0a-4e9e-aff0-837213ea2c53}.Debug|Any CPU.ActiveCfg = Debug|Any CPU
		{19c2d904-cf0a-4e9e-aff0-837213ea2c53}.Debug|Any CPU.Build.0 = Debug|Any CPU
		{19c2d904-cf0a-4e9e-aff0-837213ea2c53}.Release|Any CPU.ActiveCfg = Release|Any CPU
		{19c2d904-cf0a-4e9e-aff0-837213ea2c53}.Release|Any CPU.Build.0 = Release|Any CPU
		{f2204577-f7bf-40dd-9304-e4074a41a612}.Debug|Any CPU.ActiveCfg = Debug|Any CPU
		{f2204577-f7bf-40dd-9304-e4074a41a612}.Debug|Any CPU.Build.0 = Debug|Any CPU
		{f2204577-f7bf-40dd-9304-e4074a41a612}.Release|Any CPU.ActiveCfg = Release|Any CPU
		{f2204577-f7bf-40dd-9304-e4074a41a612}.Release|Any CPU.Build.0 = Release|Any CPU
		{f8f710a1-da2e-4828-9451-7ec2fe755ad2}.Debug|Any CPU.ActiveCfg = Debug|Any CPU
		{f8f710a1-da2e-4828-9451-7ec2fe755ad2}.Debug|Any CPU.Build.0 = Debug|Any CPU
		{f8f710a1-da2e-4828-9451-7ec2fe755ad2}.Release|Any CPU.ActiveCfg = Release|Any CPU
		{f8f710a1-da2e-4828-9451-7ec2fe755ad2}.Release|Any CPU.Build.0 = Release|Any CPU
		{f1190112-3bd8-491f-8ff2-e843d16917e2}.Debug|Any CPU.ActiveCfg = Debug|Any CPU
		{f1190112-3bd8-491f-8ff2-e843d16917e2}.Debug|Any CPU.Build.0 = Debug|Any CPU
		{f1190112-3bd8-491f-8ff2-e843d16917e2}.Release|Any CPU.ActiveCfg = Release|Any CPU
		{f1190112-3bd8-491f-8ff2-e843d16917e2}.Release|Any CPU.Build.0 = Release|Any CPU
		{3dd390e4-8c43-4716-858a-5d890163f9d1}.Debug|Any CPU.ActiveCfg = Debug|Any CPU
		{3dd390e4-8c43-4716-858a-5d890163f9d1}.Debug|Any CPU.Build.0 = Debug|Any CPU
		{3dd390e4-8c43-4716-858a-5d890163f9d1}.Release|Any CPU.ActiveCfg = Release|Any CPU
		{3dd390e4-8c43-4716-858a-5d890163f9d1}.Release|Any CPU.Build.0 = Release|Any CPU
		{ed44b18b-637a-417f-9e20-1e9ef954fc99}.Debug|Any CPU.ActiveCfg = Debug|Any CPU
		{ed44b18b-637a-417f-9e20-1e9ef954fc99}.Debug|Any CPU.Build.0 = Debug|Any CPU
		{ed44b18b-637a-417f-9e20-1e9ef954fc99}.Release|Any CPU.ActiveCfg = Release|Any CPU
		{ed44b18b-637a-417f-9e20-1e9ef954fc99}.Release|Any CPU.Build.0 = Release|Any CPU
		{3d996184-8db3-45f4-8c07-28ad7288c7e6}.Debug|Any CPU.ActiveCfg = Debug|Any CPU
		{3d996184-8db3-45f4-8c07-28ad7288c7e6}.Debug|Any CPU.Build.0 = Debug|Any CPU
		{3d996184-8db3-45f4-8c07-28ad7288c7e6}.Release|Any CPU.ActiveCfg = Release|Any CPU
		{3d996184-8db3-45f4-8c07-28ad7288c7e6}.Release|Any CPU.Build.0 = Release|Any CPU
		{a044344d-4c14-4ea8-a495-f7f45448fac4}.Debug|Any CPU.ActiveCfg = Debug|Any CPU
		{a044344d-4c14-4ea8-a495-f7f45448fac4}.Debug|Any CPU.Build.0 = Debug|Any CPU
		{a044344d-4c14-4ea8-a495-f7f45448fac4}.Release|Any CPU.ActiveCfg = Release|Any CPU
		{a044344d-4c14-4ea8-a495-f7f45448fac4}.Release|Any CPU.Build.0 = Release|Any CPU
		{d213a3d1-8a7a-40bb-9bba-ec8d306c69f3}.Debug|Any CPU.ActiveCfg = Debug|Any CPU
		{d213a3d1-8a7a-40bb-9bba-ec8d306c69f3}.Debug|Any CPU.Build.0 = Debug|Any CPU
		{d213a3d1-8a7a-40bb-9bba-ec8d306c69f3}.Release|Any CPU.ActiveCfg = Release|Any CPU
		{d213a3d1-8a7a-40bb-9bba-ec8d306c69f3}.Release|Any CPU.Build.0 = Release|Any CPU
		{c0944b64-e929-4aec-af16-fa2eb62bfd5c}.Debug|Any CPU.ActiveCfg = Debug|Any CPU
		{c0944b64-e929-4aec-af16-fa2eb62bfd5c}.Debug|Any CPU.Build.0 = Debug|Any CPU
		{c0944b64-e929-4aec-af16-fa2eb62bfd5c}.Release|Any CPU.ActiveCfg = Release|Any CPU
		{c0944b64-e929-4aec-af16-fa2eb62bfd5c}.Release|Any CPU.Build.0 = Release|Any CPU
		{3e4b5f07-c585-40a7-a7f7-00e2b471adc2}.Debug|Any CPU.ActiveCfg = Debug|Any CPU
		{3e4b5f07-c585-40a7-a7f7-00e2b471adc2}.Debug|Any CPU.Build.0 = Debug|Any CPU
		{3e4b5f07-c585-40a7-a7f7-00e2b471adc2}.Release|Any CPU.ActiveCfg = Release|Any CPU
		{3e4b5f07-c585-40a7-a7f7-00e2b471adc2}.Release|Any CPU.Build.0 = Release|Any CPU
		{00e0cfb9-3f40-425d-8801-81fc4d5f4ccf}.Debug|Any CPU.ActiveCfg = Debug|Any CPU
		{00e0cfb9-3f40-425d-8801-81fc4d5f4ccf}.Debug|Any CPU.Build.0 = Debug|Any CPU
		{00e0cfb9-3f40-425d-8801-81fc4d5f4ccf}.Release|Any CPU.ActiveCfg = Release|Any CPU
		{00e0cfb9-3f40-425d-8801-81fc4d5f4ccf}.Release|Any CPU.Build.0 = Release|Any CPU
		{82ec29a9-2418-4a08-a05e-3873750ff631}.Debug|Any CPU.ActiveCfg = Debug|Any CPU
		{82ec29a9-2418-4a08-a05e-3873750ff631}.Debug|Any CPU.Build.0 = Debug|Any CPU
		{82ec29a9-2418-4a08-a05e-3873750ff631}.Release|Any CPU.ActiveCfg = Release|Any CPU
		{82ec29a9-2418-4a08-a05e-3873750ff631}.Release|Any CPU.Build.0 = Release|Any CPU
		{20a26e2b-9d10-4f4a-a96f-b18630f7e26d}.Debug|Any CPU.ActiveCfg = Debug|Any CPU
		{20a26e2b-9d10-4f4a-a96f-b18630f7e26d}.Debug|Any CPU.Build.0 = Debug|Any CPU
		{20a26e2b-9d10-4f4a-a96f-b18630f7e26d}.Release|Any CPU.ActiveCfg = Release|Any CPU
		{20a26e2b-9d10-4f4a-a96f-b18630f7e26d}.Release|Any CPU.Build.0 = Release|Any CPU
		{c3ee835d-f4b8-4b51-90c1-92b44c92c4fe}.Debug|Any CPU.ActiveCfg = Debug|Any CPU
		{c3ee835d-f4b8-4b51-90c1-92b44c92c4fe}.Debug|Any CPU.Build.0 = Debug|Any CPU
		{c3ee835d-f4b8-4b51-90c1-92b44c92c4fe}.Release|Any CPU.ActiveCfg = Release|Any CPU
		{c3ee835d-f4b8-4b51-90c1-92b44c92c4fe}.Release|Any CPU.Build.0 = Release|Any CPU
		{11bf97b5-9af1-4945-84a8-342d324d6c3e}.Debug|Any CPU.ActiveCfg = Debug|Any CPU
		{11bf97b5-9af1-4945-84a8-342d324d6c3e}.Debug|Any CPU.Build.0 = Debug|Any CPU
		{11bf97b5-9af1-4945-84a8-342d324d6c3e}.Release|Any CPU.ActiveCfg = Release|Any CPU
		{11bf97b5-9af1-4945-84a8-342d324d6c3e}.Release|Any CPU.Build.0 = Release|Any CPU
		{174bf9e6-4050-47bf-a925-3551c1e6ae9f}.Debug|Any CPU.ActiveCfg = Debug|Any CPU
		{174bf9e6-4050-47bf-a925-3551c1e6ae9f}.Debug|Any CPU.Build.0 = Debug|Any CPU
		{174bf9e6-4050-47bf-a925-3551c1e6ae9f}.Release|Any CPU.ActiveCfg = Release|Any CPU
		{174bf9e6-4050-47bf-a925-3551c1e6ae9f}.Release|Any CPU.Build.0 = Release|Any CPU
		{4292b6fa-f97f-41ad-bf66-b05fa37a6ae1}.Debug|Any CPU.ActiveCfg = Debug|Any CPU
		{4292b6fa-f97f-41ad-bf66-b05fa37a6ae1}.Debug|Any CPU.Build.0 = Debug|Any CPU
		{4292b6fa-f97f-41ad-bf66-b05fa37a6ae1}.Release|Any CPU.ActiveCfg = Release|Any CPU
		{4292b6fa-f97f-41ad-bf66-b05fa37a6ae1}.Release|Any CPU.Build.0 = Release|Any CPU
		{ff975a9e-84ac-4def-a565-e32247a73c54}.Debug|Any CPU.ActiveCfg = Debug|Any CPU
		{ff975a9e-84ac-4def-a565-e32247a73c54}.Debug|Any CPU.Build.0 = Debug|Any CPU
		{ff975a9e-84ac-4def-a565-e32247a73c54}.Release|Any CPU.ActiveCfg = Release|Any CPU
		{ff975a9e-84ac-4def-a565-e32247a73c54}.Release|Any CPU.Build.0 = Release|Any CPU
		{f61a2c81-fff7-47a4-b0f3-9b7b314de193}.Debug|Any CPU.ActiveCfg = Debug|Any CPU
		{f61a2c81-fff7-47a4-b0f3-9b7b314de193}.Debug|Any CPU.Build.0 = Debug|Any CPU
		{f61a2c81-fff7-47a4-b0f3-9b7b314de193}.Release|Any CPU.ActiveCfg = Release|Any CPU
		{f61a2c81-fff7-47a4-b0f3-9b7b314de193}.Release|Any CPU.Build.0 = Release|Any CPU
		{2f0d1691-af80-48b1-a2d4-500d967257b1}.Debug|Any CPU.ActiveCfg = Debug|Any CPU
		{2f0d1691-af80-48b1-a2d4-500d967257b1}.Debug|Any CPU.Build.0 = Debug|Any CPU
		{2f0d1691-af80-48b1-a2d4-500d967257b1}.Release|Any CPU.ActiveCfg = Release|Any CPU
		{2f0d1691-af80-48b1-a2d4-500d967257b1}.Release|Any CPU.Build.0 = Release|Any CPU
		{1d8fc8c5-a78c-40bd-9460-eaa08dd71599}.Debug|Any CPU.ActiveCfg = Debug|Any CPU
		{1d8fc8c5-a78c-40bd-9460-eaa08dd71599}.Debug|Any CPU.Build.0 = Debug|Any CPU
		{1d8fc8c5-a78c-40bd-9460-eaa08dd71599}.Release|Any CPU.ActiveCfg = Release|Any CPU
		{1d8fc8c5-a78c-40bd-9460-eaa08dd71599}.Release|Any CPU.Build.0 = Release|Any CPU
		{e53b9bb5-3fa9-406a-8637-b13cceed25a3}.Debug|Any CPU.ActiveCfg = Debug|Any CPU
		{e53b9bb5-3fa9-406a-8637-b13cceed25a3}.Debug|Any CPU.Build.0 = Debug|Any CPU
		{e53b9bb5-3fa9-406a-8637-b13cceed25a3}.Release|Any CPU.ActiveCfg = Release|Any CPU
		{e53b9bb5-3fa9-406a-8637-b13cceed25a3}.Release|Any CPU.Build.0 = Release|Any CPU
		{4248500f-f6be-44ec-b4cc-0ec9abc9f35e}.Debug|Any CPU.ActiveCfg = Debug|Any CPU
		{4248500f-f6be-44ec-b4cc-0ec9abc9f35e}.Debug|Any CPU.Build.0 = Debug|Any CPU
		{4248500f-f6be-44ec-b4cc-0ec9abc9f35e}.Release|Any CPU.ActiveCfg = Release|Any CPU
		{4248500f-f6be-44ec-b4cc-0ec9abc9f35e}.Release|Any CPU.Build.0 = Release|Any CPU
		{460a0fff-10cc-46c8-9ef2-a5c3ba3585f0}.Debug|Any CPU.ActiveCfg = Debug|Any CPU
		{460a0fff-10cc-46c8-9ef2-a5c3ba3585f0}.Debug|Any CPU.Build.0 = Debug|Any CPU
		{460a0fff-10cc-46c8-9ef2-a5c3ba3585f0}.Release|Any CPU.ActiveCfg = Release|Any CPU
		{460a0fff-10cc-46c8-9ef2-a5c3ba3585f0}.Release|Any CPU.Build.0 = Release|Any CPU
		{789af0d3-7746-45f5-a771-3949b3e2b374}.Debug|Any CPU.ActiveCfg = Debug|Any CPU
		{789af0d3-7746-45f5-a771-3949b3e2b374}.Debug|Any CPU.Build.0 = Debug|Any CPU
		{789af0d3-7746-45f5-a771-3949b3e2b374}.Release|Any CPU.ActiveCfg = Release|Any CPU
		{789af0d3-7746-45f5-a771-3949b3e2b374}.Release|Any CPU.Build.0 = Release|Any CPU
		{8d013747-1db3-4eb2-ba9d-27e71c332fe3}.Debug|Any CPU.ActiveCfg = Debug|Any CPU
		{8d013747-1db3-4eb2-ba9d-27e71c332fe3}.Debug|Any CPU.Build.0 = Debug|Any CPU
		{8d013747-1db3-4eb2-ba9d-27e71c332fe3}.Release|Any CPU.ActiveCfg = Release|Any CPU
		{8d013747-1db3-4eb2-ba9d-27e71c332fe3}.Release|Any CPU.Build.0 = Release|Any CPU
		{91f564b6-b0a1-4074-9fad-cbb1ed80b6e1}.Debug|Any CPU.ActiveCfg = Debug|Any CPU
		{91f564b6-b0a1-4074-9fad-cbb1ed80b6e1}.Debug|Any CPU.Build.0 = Debug|Any CPU
		{91f564b6-b0a1-4074-9fad-cbb1ed80b6e1}.Release|Any CPU.ActiveCfg = Release|Any CPU
		{91f564b6-b0a1-4074-9fad-cbb1ed80b6e1}.Release|Any CPU.Build.0 = Release|Any CPU
		{14794ca6-ced2-4d56-a66a-87eb94cec258}.Debug|Any CPU.ActiveCfg = Debug|Any CPU
		{14794ca6-ced2-4d56-a66a-87eb94cec258}.Debug|Any CPU.Build.0 = Debug|Any CPU
		{14794ca6-ced2-4d56-a66a-87eb94cec258}.Release|Any CPU.ActiveCfg = Release|Any CPU
		{14794ca6-ced2-4d56-a66a-87eb94cec258}.Release|Any CPU.Build.0 = Release|Any CPU
		{661eff09-0f18-4bb8-918a-be8d2e2835c7}.Debug|Any CPU.ActiveCfg = Debug|Any CPU
		{661eff09-0f18-4bb8-918a-be8d2e2835c7}.Debug|Any CPU.Build.0 = Debug|Any CPU
		{661eff09-0f18-4bb8-918a-be8d2e2835c7}.Release|Any CPU.ActiveCfg = Release|Any CPU
		{661eff09-0f18-4bb8-918a-be8d2e2835c7}.Release|Any CPU.Build.0 = Release|Any CPU
		{5090fe6e-4421-4895-9fae-2e9452e21e64}.Debug|Any CPU.ActiveCfg = Debug|Any CPU
		{5090fe6e-4421-4895-9fae-2e9452e21e64}.Debug|Any CPU.Build.0 = Debug|Any CPU
		{5090fe6e-4421-4895-9fae-2e9452e21e64}.Release|Any CPU.ActiveCfg = Release|Any CPU
		{5090fe6e-4421-4895-9fae-2e9452e21e64}.Release|Any CPU.Build.0 = Release|Any CPU
		{baed68d3-ed18-409c-af76-18e01253b4f5}.Debug|Any CPU.ActiveCfg = Debug|Any CPU
		{baed68d3-ed18-409c-af76-18e01253b4f5}.Debug|Any CPU.Build.0 = Debug|Any CPU
		{baed68d3-ed18-409c-af76-18e01253b4f5}.Release|Any CPU.ActiveCfg = Release|Any CPU
		{baed68d3-ed18-409c-af76-18e01253b4f5}.Release|Any CPU.Build.0 = Release|Any CPU
		{364d7c4e-5c4c-4fc6-b124-33ae08b4d9c1}.Debug|Any CPU.ActiveCfg = Debug|Any CPU
		{364d7c4e-5c4c-4fc6-b124-33ae08b4d9c1}.Debug|Any CPU.Build.0 = Debug|Any CPU
		{364d7c4e-5c4c-4fc6-b124-33ae08b4d9c1}.Release|Any CPU.ActiveCfg = Release|Any CPU
		{364d7c4e-5c4c-4fc6-b124-33ae08b4d9c1}.Release|Any CPU.Build.0 = Release|Any CPU
		{56d72665-9215-4d4e-b0ab-0974f400dca8}.Debug|Any CPU.ActiveCfg = Debug|Any CPU
		{56d72665-9215-4d4e-b0ab-0974f400dca8}.Debug|Any CPU.Build.0 = Debug|Any CPU
		{56d72665-9215-4d4e-b0ab-0974f400dca8}.Release|Any CPU.ActiveCfg = Release|Any CPU
		{56d72665-9215-4d4e-b0ab-0974f400dca8}.Release|Any CPU.Build.0 = Release|Any CPU
		{5213e2f7-d5d5-4346-aecd-904d7517e161}.Debug|Any CPU.ActiveCfg = Debug|Any CPU
		{5213e2f7-d5d5-4346-aecd-904d7517e161}.Debug|Any CPU.Build.0 = Debug|Any CPU
		{5213e2f7-d5d5-4346-aecd-904d7517e161}.Release|Any CPU.ActiveCfg = Release|Any CPU
		{5213e2f7-d5d5-4346-aecd-904d7517e161}.Release|Any CPU.Build.0 = Release|Any CPU
		{e8893a97-a868-4cfa-b3db-c781117fdbfc}.Debug|Any CPU.ActiveCfg = Debug|Any CPU
		{e8893a97-a868-4cfa-b3db-c781117fdbfc}.Debug|Any CPU.Build.0 = Debug|Any CPU
		{e8893a97-a868-4cfa-b3db-c781117fdbfc}.Release|Any CPU.ActiveCfg = Release|Any CPU
		{e8893a97-a868-4cfa-b3db-c781117fdbfc}.Release|Any CPU.Build.0 = Release|Any CPU
		{c65cd4fb-dd09-413b-96e7-99445da1f5a6}.Debug|Any CPU.ActiveCfg = Debug|Any CPU
		{c65cd4fb-dd09-413b-96e7-99445da1f5a6}.Debug|Any CPU.Build.0 = Debug|Any CPU
		{c65cd4fb-dd09-413b-96e7-99445da1f5a6}.Release|Any CPU.ActiveCfg = Release|Any CPU
		{c65cd4fb-dd09-413b-96e7-99445da1f5a6}.Release|Any CPU.Build.0 = Release|Any CPU
		{c1eab116-c2fd-41c5-9a4a-add59688a450}.Debug|Any CPU.ActiveCfg = Debug|Any CPU
		{c1eab116-c2fd-41c5-9a4a-add59688a450}.Debug|Any CPU.Build.0 = Debug|Any CPU
		{c1eab116-c2fd-41c5-9a4a-add59688a450}.Release|Any CPU.ActiveCfg = Release|Any CPU
		{c1eab116-c2fd-41c5-9a4a-add59688a450}.Release|Any CPU.Build.0 = Release|Any CPU
		{80d491c9-469a-45ee-b0bb-dacee07c6483}.Debug|Any CPU.ActiveCfg = Debug|Any CPU
		{80d491c9-469a-45ee-b0bb-dacee07c6483}.Debug|Any CPU.Build.0 = Debug|Any CPU
		{80d491c9-469a-45ee-b0bb-dacee07c6483}.Release|Any CPU.ActiveCfg = Release|Any CPU
		{80d491c9-469a-45ee-b0bb-dacee07c6483}.Release|Any CPU.Build.0 = Release|Any CPU
		{5a182ce9-b1c6-40ef-83b1-0473fb34e01d}.Debug|Any CPU.ActiveCfg = Debug|Any CPU
		{5a182ce9-b1c6-40ef-83b1-0473fb34e01d}.Debug|Any CPU.Build.0 = Debug|Any CPU
		{5a182ce9-b1c6-40ef-83b1-0473fb34e01d}.Release|Any CPU.ActiveCfg = Release|Any CPU
		{5a182ce9-b1c6-40ef-83b1-0473fb34e01d}.Release|Any CPU.Build.0 = Release|Any CPU
		{eacb165b-ed8b-49b6-a513-2179ebb683f2}.Debug|Any CPU.ActiveCfg = Debug|Any CPU
		{eacb165b-ed8b-49b6-a513-2179ebb683f2}.Debug|Any CPU.Build.0 = Debug|Any CPU
		{eacb165b-ed8b-49b6-a513-2179ebb683f2}.Release|Any CPU.ActiveCfg = Release|Any CPU
		{eacb165b-ed8b-49b6-a513-2179ebb683f2}.Release|Any CPU.Build.0 = Release|Any CPU
		{a74e4bd8-88b4-47d8-89e7-ed371f695508}.Debug|Any CPU.ActiveCfg = Debug|Any CPU
		{a74e4bd8-88b4-47d8-89e7-ed371f695508}.Debug|Any CPU.Build.0 = Debug|Any CPU
		{a74e4bd8-88b4-47d8-89e7-ed371f695508}.Release|Any CPU.ActiveCfg = Release|Any CPU
		{a74e4bd8-88b4-47d8-89e7-ed371f695508}.Release|Any CPU.Build.0 = Release|Any CPU
		{f07aa857-878f-4591-ab0e-888dbeb1a129}.Debug|Any CPU.ActiveCfg = Debug|Any CPU
		{f07aa857-878f-4591-ab0e-888dbeb1a129}.Debug|Any CPU.Build.0 = Debug|Any CPU
		{f07aa857-878f-4591-ab0e-888dbeb1a129}.Release|Any CPU.ActiveCfg = Release|Any CPU
		{f07aa857-878f-4591-ab0e-888dbeb1a129}.Release|Any CPU.Build.0 = Release|Any CPU
		{73148bea-3c30-45f7-8db5-00206717bc7b}.Debug|Any CPU.ActiveCfg = Debug|Any CPU
		{73148bea-3c30-45f7-8db5-00206717bc7b}.Debug|Any CPU.Build.0 = Debug|Any CPU
		{73148bea-3c30-45f7-8db5-00206717bc7b}.Release|Any CPU.ActiveCfg = Release|Any CPU
		{73148bea-3c30-45f7-8db5-00206717bc7b}.Release|Any CPU.Build.0 = Release|Any CPU
		{c22ce061-4f8f-467d-9228-47d81a852dc4}.Debug|Any CPU.ActiveCfg = Debug|Any CPU
		{c22ce061-4f8f-467d-9228-47d81a852dc4}.Debug|Any CPU.Build.0 = Debug|Any CPU
		{c22ce061-4f8f-467d-9228-47d81a852dc4}.Release|Any CPU.ActiveCfg = Release|Any CPU
		{c22ce061-4f8f-467d-9228-47d81a852dc4}.Release|Any CPU.Build.0 = Release|Any CPU
		{554AD327-6DBA-4F8F-96F8-81CE7A0C863F}.Debug|Any CPU.ActiveCfg = Debug|Any CPU
		{554AD327-6DBA-4F8F-96F8-81CE7A0C863F}.Debug|Any CPU.Build.0 = Debug|Any CPU
		{554AD327-6DBA-4F8F-96F8-81CE7A0C863F}.Release|Any CPU.ActiveCfg = Release|Any CPU
		{554AD327-6DBA-4F8F-96F8-81CE7A0C863F}.Release|Any CPU.Build.0 = Release|Any CPU
		{1A94A50E-06DC-43C1-80B5-B662820EC3EB}.Debug|Any CPU.ActiveCfg = Debug|Any CPU
		{1A94A50E-06DC-43C1-80B5-B662820EC3EB}.Debug|Any CPU.Build.0 = Debug|Any CPU
		{1A94A50E-06DC-43C1-80B5-B662820EC3EB}.Release|Any CPU.ActiveCfg = Release|Any CPU
		{1A94A50E-06DC-43C1-80B5-B662820EC3EB}.Release|Any CPU.Build.0 = Release|Any CPU
		{C956DD76-69C8-4A9C-83EA-D17DF83340FD}.Debug|Any CPU.ActiveCfg = Debug|Any CPU
		{C956DD76-69C8-4A9C-83EA-D17DF83340FD}.Debug|Any CPU.Build.0 = Debug|Any CPU
		{C956DD76-69C8-4A9C-83EA-D17DF83340FD}.Release|Any CPU.ActiveCfg = Release|Any CPU
		{C956DD76-69C8-4A9C-83EA-D17DF83340FD}.Release|Any CPU.Build.0 = Release|Any CPU
		{50B2631D-129C-47B3-A587-029CCD6099BC}.Debug|Any CPU.ActiveCfg = Debug|Any CPU
		{50B2631D-129C-47B3-A587-029CCD6099BC}.Debug|Any CPU.Build.0 = Debug|Any CPU
		{50B2631D-129C-47B3-A587-029CCD6099BC}.Release|Any CPU.ActiveCfg = Release|Any CPU
		{50B2631D-129C-47B3-A587-029CCD6099BC}.Release|Any CPU.Build.0 = Release|Any CPU
		{42F719ED-8413-4895-B5B4-5AB56079BC66}.Debug|Any CPU.ActiveCfg = Debug|Any CPU
		{42F719ED-8413-4895-B5B4-5AB56079BC66}.Debug|Any CPU.Build.0 = Debug|Any CPU
		{42F719ED-8413-4895-B5B4-5AB56079BC66}.Release|Any CPU.ActiveCfg = Release|Any CPU
		{42F719ED-8413-4895-B5B4-5AB56079BC66}.Release|Any CPU.Build.0 = Release|Any CPU
		{520659C8-C734-4298-A3DA-B539DB9DFC0B}.Debug|Any CPU.ActiveCfg = Debug|Any CPU
		{520659C8-C734-4298-A3DA-B539DB9DFC0B}.Debug|Any CPU.Build.0 = Debug|Any CPU
		{520659C8-C734-4298-A3DA-B539DB9DFC0B}.Release|Any CPU.ActiveCfg = Release|Any CPU
		{520659C8-C734-4298-A3DA-B539DB9DFC0B}.Release|Any CPU.Build.0 = Release|Any CPU
		{4164BDF7-F527-4E85-9CE6-E3C2D7426A27}.Debug|Any CPU.ActiveCfg = Debug|Any CPU
		{4164BDF7-F527-4E85-9CE6-E3C2D7426A27}.Debug|Any CPU.Build.0 = Debug|Any CPU
		{4164BDF7-F527-4E85-9CE6-E3C2D7426A27}.Release|Any CPU.ActiveCfg = Release|Any CPU
		{4164BDF7-F527-4E85-9CE6-E3C2D7426A27}.Release|Any CPU.Build.0 = Release|Any CPU
		{3B5A0094-670D-4BB1-BFDD-61B88A8773DC}.Debug|Any CPU.ActiveCfg = Debug|Any CPU
		{3B5A0094-670D-4BB1-BFDD-61B88A8773DC}.Debug|Any CPU.Build.0 = Debug|Any CPU
		{3B5A0094-670D-4BB1-BFDD-61B88A8773DC}.Release|Any CPU.ActiveCfg = Release|Any CPU
		{3B5A0094-670D-4BB1-BFDD-61B88A8773DC}.Release|Any CPU.Build.0 = Release|Any CPU
		{6FE54035-9C11-4702-A5E2-D16F23101468}.Debug|Any CPU.ActiveCfg = Debug|Any CPU
		{6FE54035-9C11-4702-A5E2-D16F23101468}.Debug|Any CPU.Build.0 = Debug|Any CPU
		{6FE54035-9C11-4702-A5E2-D16F23101468}.Release|Any CPU.ActiveCfg = Release|Any CPU
		{6FE54035-9C11-4702-A5E2-D16F23101468}.Release|Any CPU.Build.0 = Release|Any CPU
		{073C361E-B8F4-49F5-93CC-72A3FF49C026}.Debug|Any CPU.ActiveCfg = Debug|Any CPU
		{073C361E-B8F4-49F5-93CC-72A3FF49C026}.Debug|Any CPU.Build.0 = Debug|Any CPU
		{073C361E-B8F4-49F5-93CC-72A3FF49C026}.Release|Any CPU.ActiveCfg = Release|Any CPU
		{073C361E-B8F4-49F5-93CC-72A3FF49C026}.Release|Any CPU.Build.0 = Release|Any CPU
		{E6D5BF0E-DE92-4D82-A352-EF04B37CB11C}.Debug|Any CPU.ActiveCfg = Debug|Any CPU
		{E6D5BF0E-DE92-4D82-A352-EF04B37CB11C}.Debug|Any CPU.Build.0 = Debug|Any CPU
		{E6D5BF0E-DE92-4D82-A352-EF04B37CB11C}.Release|Any CPU.ActiveCfg = Release|Any CPU
		{E6D5BF0E-DE92-4D82-A352-EF04B37CB11C}.Release|Any CPU.Build.0 = Release|Any CPU
		{1FE30EB9-74A9-47F5-A9F6-7B1FAB672D81}.Debug|Any CPU.ActiveCfg = Debug|Any CPU
		{1FE30EB9-74A9-47F5-A9F6-7B1FAB672D81}.Debug|Any CPU.Build.0 = Debug|Any CPU
		{1FE30EB9-74A9-47F5-A9F6-7B1FAB672D81}.Release|Any CPU.ActiveCfg = Release|Any CPU
		{1FE30EB9-74A9-47F5-A9F6-7B1FAB672D81}.Release|Any CPU.Build.0 = Release|Any CPU
		{91853F21-9CD9-4132-BC29-A7D5D84FFFE7}.Debug|Any CPU.ActiveCfg = Debug|Any CPU
		{91853F21-9CD9-4132-BC29-A7D5D84FFFE7}.Debug|Any CPU.Build.0 = Debug|Any CPU
		{91853F21-9CD9-4132-BC29-A7D5D84FFFE7}.Release|Any CPU.ActiveCfg = Release|Any CPU
		{91853F21-9CD9-4132-BC29-A7D5D84FFFE7}.Release|Any CPU.Build.0 = Release|Any CPU
		{E512F4D9-9375-480F-A2F6-A46509F9D824}.Debug|Any CPU.ActiveCfg = Debug|Any CPU
		{E512F4D9-9375-480F-A2F6-A46509F9D824}.Debug|Any CPU.Build.0 = Debug|Any CPU
		{E512F4D9-9375-480F-A2F6-A46509F9D824}.Release|Any CPU.ActiveCfg = Release|Any CPU
		{E512F4D9-9375-480F-A2F6-A46509F9D824}.Release|Any CPU.Build.0 = Release|Any CPU
		{EF480016-9127-4916-8735-D2466BDBC582}.Debug|Any CPU.ActiveCfg = Debug|Any CPU
		{EF480016-9127-4916-8735-D2466BDBC582}.Debug|Any CPU.Build.0 = Debug|Any CPU
		{EF480016-9127-4916-8735-D2466BDBC582}.Release|Any CPU.ActiveCfg = Release|Any CPU
		{EF480016-9127-4916-8735-D2466BDBC582}.Release|Any CPU.Build.0 = Release|Any CPU
		{70680696-BB1E-4383-BCB2-42C3767171FB}.Debug|Any CPU.ActiveCfg = Debug|Any CPU
		{70680696-BB1E-4383-BCB2-42C3767171FB}.Debug|Any CPU.Build.0 = Debug|Any CPU
		{70680696-BB1E-4383-BCB2-42C3767171FB}.Release|Any CPU.ActiveCfg = Release|Any CPU
		{70680696-BB1E-4383-BCB2-42C3767171FB}.Release|Any CPU.Build.0 = Release|Any CPU
	EndGlobalSection
	GlobalSection(SolutionProperties) = preSolution
		HideSolutionNode = FALSE
	EndGlobalSection
	GlobalSection(NestedProjects) = preSolution
		{3beb9bc3-0385-491b-b2b4-909ba82e5792} = {2f4fab22-7074-46f0-8521-9242f9d6655e}
		{5a4a3193-4b71-4a3d-af1f-ae1aab5ac48c} = {db962826-7e46-40cf-a284-5fc82a440164}
		{cbfffef9-b224-4080-a7c8-12e761fe797c} = {db962826-7e46-40cf-a284-5fc82a440164}
		{841f1755-8b94-420b-a0cc-789d56a4c050} = {db962826-7e46-40cf-a284-5fc82a440164}
		{08367cb4-965d-40e4-a48c-4ab878958461} = {db962826-7e46-40cf-a284-5fc82a440164}
		{cfb9ad9a-8023-4a2d-aa31-18bab62597fe} = {db962826-7e46-40cf-a284-5fc82a440164}
		{25bfd0db-579b-4938-826c-5ed1df188724} = {db962826-7e46-40cf-a284-5fc82a440164}
		{328aad3d-fa19-4127-9af8-c2317449f119} = {db962826-7e46-40cf-a284-5fc82a440164}
		{da6d74ea-a829-4cfd-88a6-f7def19dab11} = {db962826-7e46-40cf-a284-5fc82a440164}
		{a8bcec1f-b9aa-4a94-9c23-e612c3d37e46} = {db962826-7e46-40cf-a284-5fc82a440164}
		{b3102a42-061e-4da7-90ae-c9bd9d6afb42} = {db962826-7e46-40cf-a284-5fc82a440164}
		{88395931-ea4d-4452-a537-0951418f1092} = {db962826-7e46-40cf-a284-5fc82a440164}
		{eee982a3-942b-46f9-a2e1-3de2061729f2} = {db962826-7e46-40cf-a284-5fc82a440164}
		{ea9a6b99-0938-4a3e-9eb6-dd32a2190683} = {db962826-7e46-40cf-a284-5fc82a440164}
		{66573b3f-d29c-4dd4-8d1f-4de3003c8b05} = {db962826-7e46-40cf-a284-5fc82a440164}
		{19c2d904-cf0a-4e9e-aff0-837213ea2c53} = {db962826-7e46-40cf-a284-5fc82a440164}
		{f2204577-f7bf-40dd-9304-e4074a41a612} = {db962826-7e46-40cf-a284-5fc82a440164}
		{f8f710a1-da2e-4828-9451-7ec2fe755ad2} = {db962826-7e46-40cf-a284-5fc82a440164}
		{f1190112-3bd8-491f-8ff2-e843d16917e2} = {db962826-7e46-40cf-a284-5fc82a440164}
		{3dd390e4-8c43-4716-858a-5d890163f9d1} = {db962826-7e46-40cf-a284-5fc82a440164}
		{ed44b18b-637a-417f-9e20-1e9ef954fc99} = {db962826-7e46-40cf-a284-5fc82a440164}
		{2f4fab22-7074-46f0-8521-9242f9d6655e} = {04DBDB01-70F4-4E06-B468-8F87850B22BE}
		{db962826-7e46-40cf-a284-5fc82a440164} = {6f27e0cc-9961-479b-aad6-fc9a364d492f}
		{3d996184-8db3-45f4-8c07-28ad7288c7e6} = {0390643f-2401-4e6a-9920-2eca7dd8d41b}
		{a044344d-4c14-4ea8-a495-f7f45448fac4} = {0390643f-2401-4e6a-9920-2eca7dd8d41b}
		{d213a3d1-8a7a-40bb-9bba-ec8d306c69f3} = {0390643f-2401-4e6a-9920-2eca7dd8d41b}
		{c0944b64-e929-4aec-af16-fa2eb62bfd5c} = {0390643f-2401-4e6a-9920-2eca7dd8d41b}
		{3e4b5f07-c585-40a7-a7f7-00e2b471adc2} = {5481dbef-ddd2-4861-a8b5-ac180b0ee020}
		{00e0cfb9-3f40-425d-8801-81fc4d5f4ccf} = {5481dbef-ddd2-4861-a8b5-ac180b0ee020}
		{82ec29a9-2418-4a08-a05e-3873750ff631} = {5481dbef-ddd2-4861-a8b5-ac180b0ee020}
		{20a26e2b-9d10-4f4a-a96f-b18630f7e26d} = {5481dbef-ddd2-4861-a8b5-ac180b0ee020}
		{c3ee835d-f4b8-4b51-90c1-92b44c92c4fe} = {5481dbef-ddd2-4861-a8b5-ac180b0ee020}
		{11bf97b5-9af1-4945-84a8-342d324d6c3e} = {5481dbef-ddd2-4861-a8b5-ac180b0ee020}
		{174bf9e6-4050-47bf-a925-3551c1e6ae9f} = {5481dbef-ddd2-4861-a8b5-ac180b0ee020}
		{4292b6fa-f97f-41ad-bf66-b05fa37a6ae1} = {5481dbef-ddd2-4861-a8b5-ac180b0ee020}
		{ff975a9e-84ac-4def-a565-e32247a73c54} = {5481dbef-ddd2-4861-a8b5-ac180b0ee020}
		{0390643f-2401-4e6a-9920-2eca7dd8d41b} = {04DBDB01-70F4-4E06-B468-8F87850B22BE}
		{5481dbef-ddd2-4861-a8b5-ac180b0ee020} = {6f27e0cc-9961-479b-aad6-fc9a364d492f}
		{f61a2c81-fff7-47a4-b0f3-9b7b314de193} = {012b0537-eea3-42ad-b8a9-c74f7bdac4ba}
		{2f0d1691-af80-48b1-a2d4-500d967257b1} = {012b0537-eea3-42ad-b8a9-c74f7bdac4ba}
		{1d8fc8c5-a78c-40bd-9460-eaa08dd71599} = {012b0537-eea3-42ad-b8a9-c74f7bdac4ba}
		{e53b9bb5-3fa9-406a-8637-b13cceed25a3} = {012b0537-eea3-42ad-b8a9-c74f7bdac4ba}
		{4248500f-f6be-44ec-b4cc-0ec9abc9f35e} = {012b0537-eea3-42ad-b8a9-c74f7bdac4ba}
		{460a0fff-10cc-46c8-9ef2-a5c3ba3585f0} = {6a9b6c05-9f07-4509-89db-a6e27ad7e2ce}
		{789af0d3-7746-45f5-a771-3949b3e2b374} = {6a9b6c05-9f07-4509-89db-a6e27ad7e2ce}
		{8d013747-1db3-4eb2-ba9d-27e71c332fe3} = {6a9b6c05-9f07-4509-89db-a6e27ad7e2ce}
		{91f564b6-b0a1-4074-9fad-cbb1ed80b6e1} = {6a9b6c05-9f07-4509-89db-a6e27ad7e2ce}
		{14794ca6-ced2-4d56-a66a-87eb94cec258} = {6a9b6c05-9f07-4509-89db-a6e27ad7e2ce}
		{661eff09-0f18-4bb8-918a-be8d2e2835c7} = {6a9b6c05-9f07-4509-89db-a6e27ad7e2ce}
		{5090fe6e-4421-4895-9fae-2e9452e21e64} = {6a9b6c05-9f07-4509-89db-a6e27ad7e2ce}
		{baed68d3-ed18-409c-af76-18e01253b4f5} = {6a9b6c05-9f07-4509-89db-a6e27ad7e2ce}
		{012b0537-eea3-42ad-b8a9-c74f7bdac4ba} = {04DBDB01-70F4-4E06-B468-8F87850B22BE}
		{6a9b6c05-9f07-4509-89db-a6e27ad7e2ce} = {6f27e0cc-9961-479b-aad6-fc9a364d492f}
		{364d7c4e-5c4c-4fc6-b124-33ae08b4d9c1} = {da8c7b8e-c280-443c-b44d-f5b6e6252bbf}
		{56d72665-9215-4d4e-b0ab-0974f400dca8} = {da8c7b8e-c280-443c-b44d-f5b6e6252bbf}
		{5213e2f7-d5d5-4346-aecd-904d7517e161} = {da8c7b8e-c280-443c-b44d-f5b6e6252bbf}
		{e8893a97-a868-4cfa-b3db-c781117fdbfc} = {da8c7b8e-c280-443c-b44d-f5b6e6252bbf}
		{c65cd4fb-dd09-413b-96e7-99445da1f5a6} = {da8c7b8e-c280-443c-b44d-f5b6e6252bbf}
		{c1eab116-c2fd-41c5-9a4a-add59688a450} = {95d05e15-458c-4f91-b45b-a3804083d070}
		{80d491c9-469a-45ee-b0bb-dacee07c6483} = {95d05e15-458c-4f91-b45b-a3804083d070}
		{5a182ce9-b1c6-40ef-83b1-0473fb34e01d} = {95d05e15-458c-4f91-b45b-a3804083d070}
		{eacb165b-ed8b-49b6-a513-2179ebb683f2} = {95d05e15-458c-4f91-b45b-a3804083d070}
		{a74e4bd8-88b4-47d8-89e7-ed371f695508} = {95d05e15-458c-4f91-b45b-a3804083d070}
		{f07aa857-878f-4591-ab0e-888dbeb1a129} = {95d05e15-458c-4f91-b45b-a3804083d070}
		{73148bea-3c30-45f7-8db5-00206717bc7b} = {95d05e15-458c-4f91-b45b-a3804083d070}
		{c22ce061-4f8f-467d-9228-47d81a852dc4} = {95d05e15-458c-4f91-b45b-a3804083d070}
		{da8c7b8e-c280-443c-b44d-f5b6e6252bbf} = {04DBDB01-70F4-4E06-B468-8F87850B22BE}
		{95d05e15-458c-4f91-b45b-a3804083d070} = {6f27e0cc-9961-479b-aad6-fc9a364d492f}
		{554AD327-6DBA-4F8F-96F8-81CE7A0C863F} = {CA9AC87F-097E-4F15-8393-4BC07735A5B0}
		{1A94A50E-06DC-43C1-80B5-B662820EC3EB} = {CA9AC87F-097E-4F15-8393-4BC07735A5B0}
		{C956DD76-69C8-4A9C-83EA-D17DF83340FD} = {CA9AC87F-097E-4F15-8393-4BC07735A5B0}
		{50B2631D-129C-47B3-A587-029CCD6099BC} = {04DBDB01-70F4-4E06-B468-8F87850B22BE}
		{42F719ED-8413-4895-B5B4-5AB56079BC66} = {CA9AC87F-097E-4F15-8393-4BC07735A5B0}
		{520659C8-C734-4298-A3DA-B539DB9DFC0B} = {CA9AC87F-097E-4F15-8393-4BC07735A5B0}
		{4164BDF7-F527-4E85-9CE6-E3C2D7426A27} = {CA9AC87F-097E-4F15-8393-4BC07735A5B0}
		{3B5A0094-670D-4BB1-BFDD-61B88A8773DC} = {CA9AC87F-097E-4F15-8393-4BC07735A5B0}
		{6FE54035-9C11-4702-A5E2-D16F23101468} = {CA9AC87F-097E-4F15-8393-4BC07735A5B0}
		{073C361E-B8F4-49F5-93CC-72A3FF49C026} = {CA9AC87F-097E-4F15-8393-4BC07735A5B0}
		{E6D5BF0E-DE92-4D82-A352-EF04B37CB11C} = {CA9AC87F-097E-4F15-8393-4BC07735A5B0}
		{1FE30EB9-74A9-47F5-A9F6-7B1FAB672D81} = {04DBDB01-70F4-4E06-B468-8F87850B22BE}
		{91853F21-9CD9-4132-BC29-A7D5D84FFFE7} = {04DBDB01-70F4-4E06-B468-8F87850B22BE}
		{E512F4D9-9375-480F-A2F6-A46509F9D824} = {04DBDB01-70F4-4E06-B468-8F87850B22BE}
		{EF480016-9127-4916-8735-D2466BDBC582} = {04DBDB01-70F4-4E06-B468-8F87850B22BE}
		{70680696-BB1E-4383-BCB2-42C3767171FB} = {CA9AC87F-097E-4F15-8393-4BC07735A5B0}
	EndGlobalSection
	GlobalSection(ExtensibilityGlobals) = postSolution
		SolutionGuid = {93EAF0A7-BA30-29BB-CFA0-986944A56666}
	EndGlobalSection
EndGlobal
